
Microsoft Visual Studio Solution File, Format Version 12.00
# Visual Studio Version 17
VisualStudioVersion = 17.7.34024.191
MinimumVisualStudioVersion = 10.0.40219.1
Project("{FAE04EC0-301F-11D3-BF4B-00C04F79EFBC}") = "tanciskola", "tanciskola\tanciskola.csproj", "{FA559644-BEFB-4453-984F-A212E5B8D4B9}"
EndProject
Global
	GlobalSection(SolutionConfigurationPlatforms) = preSolution
		Debug|Any CPU = Debug|Any CPU
		Release|Any CPU = Release|Any CPU
	EndGlobalSection
	GlobalSection(ProjectConfigurationPlatforms) = postSolution
		{FA559644-BEFB-4453-984F-A212E5B8D4B9}.Debug|Any CPU.ActiveCfg = Debug|Any CPU
		{FA559644-BEFB-4453-984F-A212E5B8D4B9}.Debug|Any CPU.Build.0 = Debug|Any CPU
		{FA559644-BEFB-4453-984F-A212E5B8D4B9}.Release|Any CPU.ActiveCfg = Release|Any CPU
		{FA559644-BEFB-4453-984F-A212E5B8D4B9}.Release|Any CPU.Build.0 = Release|Any CPU
	EndGlobalSection
	GlobalSection(SolutionProperties) = preSolution
		HideSolutionNode = FALSE
	EndGlobalSection
	GlobalSection(ExtensibilityGlobals) = postSolution
		SolutionGuid = {288E4C11-3336-495D-BDD7-F62E903FEF05}
	EndGlobalSection
EndGlobal
