
Microsoft Visual Studio Solution File, Format Version 12.00
# Visual Studio Version 17
VisualStudioVersion = 17.8.34525.116
MinimumVisualStudioVersion = 10.0.40219.1
Project("{FAE04EC0-301F-11D3-BF4B-00C04F79EFBC}") = "tanciskolawpf", "tanciskolawpf\tanciskolawpf.csproj", "{81BC0D87-0D50-44C2-B2D2-E946E8329FCD}"
EndProject
Global
	GlobalSection(SolutionConfigurationPlatforms) = preSolution
		Debug|Any CPU = Debug|Any CPU
		Release|Any CPU = Release|Any CPU
	EndGlobalSection
	GlobalSection(ProjectConfigurationPlatforms) = postSolution
		{81BC0D87-0D50-44C2-B2D2-E946E8329FCD}.Debug|Any CPU.ActiveCfg = Debug|Any CPU
		{81BC0D87-0D50-44C2-B2D2-E946E8329FCD}.Debug|Any CPU.Build.0 = Debug|Any CPU
		{81BC0D87-0D50-44C2-B2D2-E946E8329FCD}.Release|Any CPU.ActiveCfg = Release|Any CPU
		{81BC0D87-0D50-44C2-B2D2-E946E8329FCD}.Release|Any CPU.Build.0 = Release|Any CPU
	EndGlobalSection
	GlobalSection(SolutionProperties) = preSolution
		HideSolutionNode = FALSE
	EndGlobalSection
	GlobalSection(ExtensibilityGlobals) = postSolution
		SolutionGuid = {70AE7A2F-6DED-4ECB-9A22-561421F0654C}
	EndGlobalSection
EndGlobal
