
Microsoft Visual Studio Solution File, Format Version 12.00
# Visual Studio Version 17
VisualStudioVersion = 17.7.34024.191
MinimumVisualStudioVersion = 10.0.40219.1
Project("{FAE04EC0-301F-11D3-BF4B-00C04F79EFBC}") = "wpfurlapgyakorlas", "wpfurlapgyakorlas\wpfurlapgyakorlas.csproj", "{CF481746-A66A-4A22-9F8F-0C07FD1B612A}"
EndProject
Global
	GlobalSection(SolutionConfigurationPlatforms) = preSolution
		Debug|Any CPU = Debug|Any CPU
		Release|Any CPU = Release|Any CPU
	EndGlobalSection
	GlobalSection(ProjectConfigurationPlatforms) = postSolution
		{CF481746-A66A-4A22-9F8F-0C07FD1B612A}.Debug|Any CPU.ActiveCfg = Debug|Any CPU
		{CF481746-A66A-4A22-9F8F-0C07FD1B612A}.Debug|Any CPU.Build.0 = Debug|Any CPU
		{CF481746-A66A-4A22-9F8F-0C07FD1B612A}.Release|Any CPU.ActiveCfg = Release|Any CPU
		{CF481746-A66A-4A22-9F8F-0C07FD1B612A}.Release|Any CPU.Build.0 = Release|Any CPU
	EndGlobalSection
	GlobalSection(SolutionProperties) = preSolution
		HideSolutionNode = FALSE
	EndGlobalSection
	GlobalSection(ExtensibilityGlobals) = postSolution
		SolutionGuid = {C8C43622-87A2-42E6-A172-2762AA5CE96F}
	EndGlobalSection
EndGlobal
