
Microsoft Visual Studio Solution File, Format Version 12.00
# Visual Studio Version 17
VisualStudioVersion = 17.7.34024.191
MinimumVisualStudioVersion = 10.0.40219.1
Project("{FAE04EC0-301F-11D3-BF4B-00C04F79EFBC}") = "urhajozasSql", "urhajozasSql\urhajozasSql.csproj", "{45055000-7840-45F7-8A47-9470BADF8052}"
EndProject
Global
	GlobalSection(SolutionConfigurationPlatforms) = preSolution
		Debug|Any CPU = Debug|Any CPU
		Release|Any CPU = Release|Any CPU
	EndGlobalSection
	GlobalSection(ProjectConfigurationPlatforms) = postSolution
		{45055000-7840-45F7-8A47-9470BADF8052}.Debug|Any CPU.ActiveCfg = Debug|Any CPU
		{45055000-7840-45F7-8A47-9470BADF8052}.Debug|Any CPU.Build.0 = Debug|Any CPU
		{45055000-7840-45F7-8A47-9470BADF8052}.Release|Any CPU.ActiveCfg = Release|Any CPU
		{45055000-7840-45F7-8A47-9470BADF8052}.Release|Any CPU.Build.0 = Release|Any CPU
	EndGlobalSection
	GlobalSection(SolutionProperties) = preSolution
		HideSolutionNode = FALSE
	EndGlobalSection
	GlobalSection(ExtensibilityGlobals) = postSolution
		SolutionGuid = {86910421-89C6-47AA-81E4-E55332886157}
	EndGlobalSection
EndGlobal
