
Microsoft Visual Studio Solution File, Format Version 12.00
# Visual Studio Version 17
VisualStudioVersion = 17.7.34024.191
MinimumVisualStudioVersion = 10.0.40219.1
Project("{FAE04EC0-301F-11D3-BF4B-00C04F79EFBC}") = "uzemangyag", "uzemangyag\uzemangyag.csproj", "{CCD8298A-0DC0-4DCD-8E37-411DE0AB1312}"
EndProject
Global
	GlobalSection(SolutionConfigurationPlatforms) = preSolution
		Debug|Any CPU = Debug|Any CPU
		Release|Any CPU = Release|Any CPU
	EndGlobalSection
	GlobalSection(ProjectConfigurationPlatforms) = postSolution
		{CCD8298A-0DC0-4DCD-8E37-411DE0AB1312}.Debug|Any CPU.ActiveCfg = Debug|Any CPU
		{CCD8298A-0DC0-4DCD-8E37-411DE0AB1312}.Debug|Any CPU.Build.0 = Debug|Any CPU
		{CCD8298A-0DC0-4DCD-8E37-411DE0AB1312}.Release|Any CPU.ActiveCfg = Release|Any CPU
		{CCD8298A-0DC0-4DCD-8E37-411DE0AB1312}.Release|Any CPU.Build.0 = Release|Any CPU
	EndGlobalSection
	GlobalSection(SolutionProperties) = preSolution
		HideSolutionNode = FALSE
	EndGlobalSection
	GlobalSection(ExtensibilityGlobals) = postSolution
		SolutionGuid = {0C846264-BA7C-46A1-AF5D-374D1B30AE22}
	EndGlobalSection
EndGlobal
