
Microsoft Visual Studio Solution File, Format Version 12.00
# Visual Studio Version 17
VisualStudioVersion = 17.7.34024.191
MinimumVisualStudioVersion = 10.0.40219.1
Project("{FAE04EC0-301F-11D3-BF4B-00C04F79EFBC}") = "oop2023.12.15", "oop2023.12.15\oop2023.12.15.csproj", "{F5658879-1AF5-46B5-8B09-C28715D1A47D}"
EndProject
Global
	GlobalSection(SolutionConfigurationPlatforms) = preSolution
		Debug|Any CPU = Debug|Any CPU
		Release|Any CPU = Release|Any CPU
	EndGlobalSection
	GlobalSection(ProjectConfigurationPlatforms) = postSolution
		{F5658879-1AF5-46B5-8B09-C28715D1A47D}.Debug|Any CPU.ActiveCfg = Debug|Any CPU
		{F5658879-1AF5-46B5-8B09-C28715D1A47D}.Debug|Any CPU.Build.0 = Debug|Any CPU
		{F5658879-1AF5-46B5-8B09-C28715D1A47D}.Release|Any CPU.ActiveCfg = Release|Any CPU
		{F5658879-1AF5-46B5-8B09-C28715D1A47D}.Release|Any CPU.Build.0 = Release|Any CPU
	EndGlobalSection
	GlobalSection(SolutionProperties) = preSolution
		HideSolutionNode = FALSE
	EndGlobalSection
	GlobalSection(ExtensibilityGlobals) = postSolution
		SolutionGuid = {FB7B03C0-DFCF-4969-8D73-353E54EDD049}
	EndGlobalSection
EndGlobal
