
Microsoft Visual Studio Solution File, Format Version 12.00
# Visual Studio Version 17
VisualStudioVersion = 17.7.34024.191
MinimumVisualStudioVersion = 10.0.40219.1
Project("{FAE04EC0-301F-11D3-BF4B-00C04F79EFBC}") = "wpfgyak03.05", "wpfgyak03.05\wpfgyak03.05.csproj", "{FBD944BC-548C-419A-A1D3-C0545FCDD519}"
EndProject
Global
	GlobalSection(SolutionConfigurationPlatforms) = preSolution
		Debug|Any CPU = Debug|Any CPU
		Release|Any CPU = Release|Any CPU
	EndGlobalSection
	GlobalSection(ProjectConfigurationPlatforms) = postSolution
		{FBD944BC-548C-419A-A1D3-C0545FCDD519}.Debug|Any CPU.ActiveCfg = Debug|Any CPU
		{FBD944BC-548C-419A-A1D3-C0545FCDD519}.Debug|Any CPU.Build.0 = Debug|Any CPU
		{FBD944BC-548C-419A-A1D3-C0545FCDD519}.Release|Any CPU.ActiveCfg = Release|Any CPU
		{FBD944BC-548C-419A-A1D3-C0545FCDD519}.Release|Any CPU.Build.0 = Release|Any CPU
	EndGlobalSection
	GlobalSection(SolutionProperties) = preSolution
		HideSolutionNode = FALSE
	EndGlobalSection
	GlobalSection(ExtensibilityGlobals) = postSolution
		SolutionGuid = {AB313FA8-00F7-4D5A-B8B4-975E34192EA0}
	EndGlobalSection
EndGlobal
